
Microsoft Visual Studio Solution File, Format Version 12.00
Project("{FAE04EC0-301F-11D3-BF4B-00C04F79EFBC}") = "csorm2-core", "csorm2-core\csorm2-core.csproj", "{C484C125-7A29-4280-B392-00E80392CE37}"
EndProject
Global
	GlobalSection(SolutionConfigurationPlatforms) = preSolution
		Debug|Any CPU = Debug|Any CPU
		Release|Any CPU = Release|Any CPU
	EndGlobalSection
	GlobalSection(ProjectConfigurationPlatforms) = postSolution
		{C484C125-7A29-4280-B392-00E80392CE37}.Debug|Any CPU.ActiveCfg = Debug|Any CPU
		{C484C125-7A29-4280-B392-00E80392CE37}.Debug|Any CPU.Build.0 = Debug|Any CPU
		{C484C125-7A29-4280-B392-00E80392CE37}.Release|Any CPU.ActiveCfg = Release|Any CPU
		{C484C125-7A29-4280-B392-00E80392CE37}.Release|Any CPU.Build.0 = Release|Any CPU
	EndGlobalSection
EndGlobal
